// !$*UTF8*$!
{
	archiveVersion = 1;
	classes = {
	};
	objectVersion = 50;
	objects = {

/* Begin PBXBuildFile section */
		22CD1A6A24DBDD4100146F62 /* LocationModel.swift in Sources */ = {isa = PBXBuildFile; fileRef = 22CD1A6924DBDD4100146F62 /* LocationModel.swift */; };
		22CF914F24D97DDD00AF7ED5 /* AppDelegate.swift in Sources */ = {isa = PBXBuildFile; fileRef = 22CF914E24D97DDD00AF7ED5 /* AppDelegate.swift */; };
		22CF915124D97DDD00AF7ED5 /* SceneDelegate.swift in Sources */ = {isa = PBXBuildFile; fileRef = 22CF915024D97DDD00AF7ED5 /* SceneDelegate.swift */; };
		22CF915324D97DDD00AF7ED5 /* ViewController.swift in Sources */ = {isa = PBXBuildFile; fileRef = 22CF915224D97DDD00AF7ED5 /* ViewController.swift */; };
		22CF915624D97DDD00AF7ED5 /* Main.storyboard in Resources */ = {isa = PBXBuildFile; fileRef = 22CF915424D97DDD00AF7ED5 /* Main.storyboard */; };
		22CF915824D97DE200AF7ED5 /* Assets.xcassets in Resources */ = {isa = PBXBuildFile; fileRef = 22CF915724D97DE200AF7ED5 /* Assets.xcassets */; };
		22CF915B24D97DE200AF7ED5 /* LaunchScreen.storyboard in Resources */ = {isa = PBXBuildFile; fileRef = 22CF915924D97DE200AF7ED5 /* LaunchScreen.storyboard */; };
		22CF916424D97E1C00AF7ED5 /* HttpUtility.swift in Sources */ = {isa = PBXBuildFile; fileRef = 22CF916324D97E1C00AF7ED5 /* HttpUtility.swift */; };
		22CF916624D97E6400AF7ED5 /* GlobalConstant.swift in Sources */ = {isa = PBXBuildFile; fileRef = 22CF916524D97E6400AF7ED5 /* GlobalConstant.swift */; };
		22CF916B24D97FD400AF7ED5 /* MessageRequest.swift in Sources */ = {isa = PBXBuildFile; fileRef = 22CF916924D97FD400AF7ED5 /* MessageRequest.swift */; };
		22CF916C24D97FD400AF7ED5 /* MessageResponse.swift in Sources */ = {isa = PBXBuildFile; fileRef = 22CF916A24D97FD400AF7ED5 /* MessageResponse.swift */; };
		92DEFD2F7705B5DD894CB0B1 /* Pods_LiveLocation.framework in Frameworks */ = {isa = PBXBuildFile; fileRef = 092FD8EE198586447E15EA00 /* Pods_LiveLocation.framework */; };
/* End PBXBuildFile section */

/* Begin PBXFileReference section */
		092FD8EE198586447E15EA00 /* Pods_LiveLocation.framework */ = {isa = PBXFileReference; explicitFileType = wrapper.framework; includeInIndex = 0; path = Pods_LiveLocation.framework; sourceTree = BUILT_PRODUCTS_DIR; };
		124EF4B9FFBE0C34928548BF /* Pods-LiveLocation.debug.xcconfig */ = {isa = PBXFileReference; includeInIndex = 1; lastKnownFileType = text.xcconfig; name = "Pods-LiveLocation.debug.xcconfig"; path = "Target Support Files/Pods-LiveLocation/Pods-LiveLocation.debug.xcconfig"; sourceTree = "<group>"; };
		18B2AEB3BF7B2E5EC28C2CAA /* Pods-LiveLocation.release.xcconfig */ = {isa = PBXFileReference; includeInIndex = 1; lastKnownFileType = text.xcconfig; name = "Pods-LiveLocation.release.xcconfig"; path = "Target Support Files/Pods-LiveLocation/Pods-LiveLocation.release.xcconfig"; sourceTree = "<group>"; };
		22CD1A6924DBDD4100146F62 /* LocationModel.swift */ = {isa = PBXFileReference; lastKnownFileType = sourcecode.swift; path = LocationModel.swift; sourceTree = "<group>"; };
		22CF914B24D97DDD00AF7ED5 /* LiveLocation.app */ = {isa = PBXFileReference; explicitFileType = wrapper.application; includeInIndex = 0; path = LiveLocation.app; sourceTree = BUILT_PRODUCTS_DIR; };
		22CF914E24D97DDD00AF7ED5 /* AppDelegate.swift */ = {isa = PBXFileReference; lastKnownFileType = sourcecode.swift; path = AppDelegate.swift; sourceTree = "<group>"; };
		22CF915024D97DDD00AF7ED5 /* SceneDelegate.swift */ = {isa = PBXFileReference; lastKnownFileType = sourcecode.swift; path = SceneDelegate.swift; sourceTree = "<group>"; };
		22CF915224D97DDD00AF7ED5 /* ViewController.swift */ = {isa = PBXFileReference; lastKnownFileType = sourcecode.swift; path = ViewController.swift; sourceTree = "<group>"; };
		22CF915524D97DDD00AF7ED5 /* Base */ = {isa = PBXFileReference; lastKnownFileType = file.storyboard; name = Base; path = Base.lproj/Main.storyboard; sourceTree = "<group>"; };
		22CF915724D97DE200AF7ED5 /* Assets.xcassets */ = {isa = PBXFileReference; lastKnownFileType = folder.assetcatalog; path = Assets.xcassets; sourceTree = "<group>"; };
		22CF915A24D97DE200AF7ED5 /* Base */ = {isa = PBXFileReference; lastKnownFileType = file.storyboard; name = Base; path = Base.lproj/LaunchScreen.storyboard; sourceTree = "<group>"; };
		22CF915C24D97DE200AF7ED5 /* Info.plist */ = {isa = PBXFileReference; lastKnownFileType = text.plist.xml; path = Info.plist; sourceTree = "<group>"; };
		22CF916324D97E1C00AF7ED5 /* HttpUtility.swift */ = {isa = PBXFileReference; fileEncoding = 4; lastKnownFileType = sourcecode.swift; path = HttpUtility.swift; sourceTree = "<group>"; };
		22CF916524D97E6400AF7ED5 /* GlobalConstant.swift */ = {isa = PBXFileReference; lastKnownFileType = sourcecode.swift; path = GlobalConstant.swift; sourceTree = "<group>"; };
		22CF916924D97FD400AF7ED5 /* MessageRequest.swift */ = {isa = PBXFileReference; fileEncoding = 4; lastKnownFileType = sourcecode.swift; path = MessageRequest.swift; sourceTree = "<group>"; };
		22CF916A24D97FD400AF7ED5 /* MessageResponse.swift */ = {isa = PBXFileReference; fileEncoding = 4; lastKnownFileType = sourcecode.swift; path = MessageResponse.swift; sourceTree = "<group>"; };
/* End PBXFileReference section */

/* Begin PBXFrameworksBuildPhase section */
		22CF914824D97DDD00AF7ED5 /* Frameworks */ = {
			isa = PBXFrameworksBuildPhase;
			buildActionMask = 2147483647;
			files = (
				92DEFD2F7705B5DD894CB0B1 /* Pods_LiveLocation.framework in Frameworks */,
			);
			runOnlyForDeploymentPostprocessing = 0;
		};
/* End PBXFrameworksBuildPhase section */

/* Begin PBXGroup section */
		22CF914224D97DDD00AF7ED5 = {
			isa = PBXGroup;
			children = (
				22CF914D24D97DDD00AF7ED5 /* LiveLocation */,
				22CF914C24D97DDD00AF7ED5 /* Products */,
				75BA769C66AB96282BFC2B76 /* Pods */,
				7F95BC5916316A6BE7A93AA0 /* Frameworks */,
			);
			sourceTree = "<group>";
		};
		22CF914C24D97DDD00AF7ED5 /* Products */ = {
			isa = PBXGroup;
			children = (
				22CF914B24D97DDD00AF7ED5 /* LiveLocation.app */,
			);
			name = Products;
			sourceTree = "<group>";
		};
		22CF914D24D97DDD00AF7ED5 /* LiveLocation */ = {
			isa = PBXGroup;
			children = (
				22CF916724D97FC000AF7ED5 /* Model */,
				22CF916224D97E1C00AF7ED5 /* Services */,
				22CF914E24D97DDD00AF7ED5 /* AppDelegate.swift */,
				22CF915024D97DDD00AF7ED5 /* SceneDelegate.swift */,
				22CF915224D97DDD00AF7ED5 /* ViewController.swift */,
				22CF915424D97DDD00AF7ED5 /* Main.storyboard */,
				22CF915724D97DE200AF7ED5 /* Assets.xcassets */,
				22CF915924D97DE200AF7ED5 /* LaunchScreen.storyboard */,
				22CF915C24D97DE200AF7ED5 /* Info.plist */,
				22CF916524D97E6400AF7ED5 /* GlobalConstant.swift */,
			);
			path = LiveLocation;
			sourceTree = "<group>";
		};
		22CF916224D97E1C00AF7ED5 /* Services */ = {
			isa = PBXGroup;
			children = (
				22CF916324D97E1C00AF7ED5 /* HttpUtility.swift */,
			);
			path = Services;
			sourceTree = "<group>";
		};
		22CF916724D97FC000AF7ED5 /* Model */ = {
			isa = PBXGroup;
			children = (
				22CF916824D97FD400AF7ED5 /* MessageModel */,
				22CD1A6924DBDD4100146F62 /* LocationModel.swift */,
			);
			path = Model;
			sourceTree = "<group>";
		};
		22CF916824D97FD400AF7ED5 /* MessageModel */ = {
			isa = PBXGroup;
			children = (
				22CF916924D97FD400AF7ED5 /* MessageRequest.swift */,
				22CF916A24D97FD400AF7ED5 /* MessageResponse.swift */,
			);
			path = MessageModel;
			sourceTree = "<group>";
		};
		75BA769C66AB96282BFC2B76 /* Pods */ = {
			isa = PBXGroup;
			children = (
				124EF4B9FFBE0C34928548BF /* Pods-LiveLocation.debug.xcconfig */,
				18B2AEB3BF7B2E5EC28C2CAA /* Pods-LiveLocation.release.xcconfig */,
			);
			name = Pods;
			path = Pods;
			sourceTree = "<group>";
		};
		7F95BC5916316A6BE7A93AA0 /* Frameworks */ = {
			isa = PBXGroup;
			children = (
				092FD8EE198586447E15EA00 /* Pods_LiveLocation.framework */,
			);
			name = Frameworks;
			sourceTree = "<group>";
		};
/* End PBXGroup section */

/* Begin PBXNativeTarget section */
		22CF914A24D97DDD00AF7ED5 /* LiveLocation */ = {
			isa = PBXNativeTarget;
			buildConfigurationList = 22CF915F24D97DE200AF7ED5 /* Build configuration list for PBXNativeTarget "LiveLocation" */;
			buildPhases = (
				7B62E4B6427267B45BD9F932 /* [CP] Check Pods Manifest.lock */,
				22CF914724D97DDD00AF7ED5 /* Sources */,
				22CF914824D97DDD00AF7ED5 /* Frameworks */,
				22CF914924D97DDD00AF7ED5 /* Resources */,
				BEDC606A507359D37F79157C /* [CP] Embed Pods Frameworks */,
			);
			buildRules = (
			);
			dependencies = (
			);
			name = LiveLocation;
			productName = LiveLocation;
			productReference = 22CF914B24D97DDD00AF7ED5 /* LiveLocation.app */;
			productType = "com.apple.product-type.application";
		};
/* End PBXNativeTarget section */

/* Begin PBXProject section */
		22CF914324D97DDD00AF7ED5 /* Project object */ = {
			isa = PBXProject;
			attributes = {
				LastSwiftUpdateCheck = 1130;
				LastUpgradeCheck = 1130;
				ORGANIZATIONNAME = AccessDenied;
				TargetAttributes = {
					22CF914A24D97DDD00AF7ED5 = {
						CreatedOnToolsVersion = 11.3.1;
					};
				};
			};
			buildConfigurationList = 22CF914624D97DDD00AF7ED5 /* Build configuration list for PBXProject "LiveLocation" */;
			compatibilityVersion = "Xcode 9.3";
			developmentRegion = en;
			hasScannedForEncodings = 0;
			knownRegions = (
				en,
				Base,
			);
			mainGroup = 22CF914224D97DDD00AF7ED5;
			productRefGroup = 22CF914C24D97DDD00AF7ED5 /* Products */;
			projectDirPath = "";
			projectRoot = "";
			targets = (
				22CF914A24D97DDD00AF7ED5 /* LiveLocation */,
			);
		};
/* End PBXProject section */

/* Begin PBXResourcesBuildPhase section */
		22CF914924D97DDD00AF7ED5 /* Resources */ = {
			isa = PBXResourcesBuildPhase;
			buildActionMask = 2147483647;
			files = (
				22CF915B24D97DE200AF7ED5 /* LaunchScreen.storyboard in Resources */,
				22CF915824D97DE200AF7ED5 /* Assets.xcassets in Resources */,
				22CF915624D97DDD00AF7ED5 /* Main.storyboard in Resources */,
			);
			runOnlyForDeploymentPostprocessing = 0;
		};
/* End PBXResourcesBuildPhase section */

/* Begin PBXShellScriptBuildPhase section */
		7B62E4B6427267B45BD9F932 /* [CP] Check Pods Manifest.lock */ = {
			isa = PBXShellScriptBuildPhase;
			buildActionMask = 2147483647;
			files = (
			);
			inputFileListPaths = (
			);
			inputPaths = (
				"${PODS_PODFILE_DIR_PATH}/Podfile.lock",
				"${PODS_ROOT}/Manifest.lock",
			);
			name = "[CP] Check Pods Manifest.lock";
			outputFileListPaths = (
			);
			outputPaths = (
				"$(DERIVED_FILE_DIR)/Pods-LiveLocation-checkManifestLockResult.txt",
			);
			runOnlyForDeploymentPostprocessing = 0;
			shellPath = /bin/sh;
			shellScript = "diff \"${PODS_PODFILE_DIR_PATH}/Podfile.lock\" \"${PODS_ROOT}/Manifest.lock\" > /dev/null\nif [ $? != 0 ] ; then\n    # print error to STDERR\n    echo \"error: The sandbox is not in sync with the Podfile.lock. Run 'pod install' or update your CocoaPods installation.\" >&2\n    exit 1\nfi\n# This output is used by Xcode 'outputs' to avoid re-running this script phase.\necho \"SUCCESS\" > \"${SCRIPT_OUTPUT_FILE_0}\"\n";
			showEnvVarsInLog = 0;
		};
		BEDC606A507359D37F79157C /* [CP] Embed Pods Frameworks */ = {
			isa = PBXShellScriptBuildPhase;
			buildActionMask = 2147483647;
			files = (
			);
			inputFileListPaths = (
				"${PODS_ROOT}/Target Support Files/Pods-LiveLocation/Pods-LiveLocation-frameworks-${CONFIGURATION}-input-files.xcfilelist",
			);
			name = "[CP] Embed Pods Frameworks";
			outputFileListPaths = (
				"${PODS_ROOT}/Target Support Files/Pods-LiveLocation/Pods-LiveLocation-frameworks-${CONFIGURATION}-output-files.xcfilelist",
			);
			runOnlyForDeploymentPostprocessing = 0;
			shellPath = /bin/sh;
			shellScript = "\"${PODS_ROOT}/Target Support Files/Pods-LiveLocation/Pods-LiveLocation-frameworks.sh\"\n";
			showEnvVarsInLog = 0;
		};
/* End PBXShellScriptBuildPhase section */

/* Begin PBXSourcesBuildPhase section */
		22CF914724D97DDD00AF7ED5 /* Sources */ = {
			isa = PBXSourcesBuildPhase;
			buildActionMask = 2147483647;
			files = (
				22CD1A6A24DBDD4100146F62 /* LocationModel.swift in Sources */,
				22CF916424D97E1C00AF7ED5 /* HttpUtility.swift in Sources */,
				22CF916624D97E6400AF7ED5 /* GlobalConstant.swift in Sources */,
				22CF915324D97DDD00AF7ED5 /* ViewController.swift in Sources */,
				22CF916B24D97FD400AF7ED5 /* MessageRequest.swift in Sources */,
				22CF914F24D97DDD00AF7ED5 /* AppDelegate.swift in Sources */,
				22CF916C24D97FD400AF7ED5 /* MessageResponse.swift in Sources */,
				22CF915124D97DDD00AF7ED5 /* SceneDelegate.swift in Sources */,
			);
			runOnlyForDeploymentPostprocessing = 0;
		};
/* End PBXSourcesBuildPhase section */

/* Begin PBXVariantGroup section */
		22CF915424D97DDD00AF7ED5 /* Main.storyboard */ = {
			isa = PBXVariantGroup;
			children = (
				22CF915524D97DDD00AF7ED5 /* Base */,
			);
			name = Main.storyboard;
			sourceTree = "<group>";
		};
		22CF915924D97DE200AF7ED5 /* LaunchScreen.storyboard */ = {
			isa = PBXVariantGroup;
			children = (
				22CF915A24D97DE200AF7ED5 /* Base */,
			);
			name = LaunchScreen.storyboard;
			sourceTree = "<group>";
		};
/* End PBXVariantGroup section */

/* Begin XCBuildConfiguration section */
		22CF915D24D97DE200AF7ED5 /* Debug */ = {
			isa = XCBuildConfiguration;
			buildSettings = {
				ALWAYS_SEARCH_USER_PATHS = NO;
				CLANG_ANALYZER_NONNULL = YES;
				CLANG_ANALYZER_NUMBER_OBJECT_CONVERSION = YES_AGGRESSIVE;
				CLANG_CXX_LANGUAGE_STANDARD = "gnu++14";
				CLANG_CXX_LIBRARY = "libc++";
				CLANG_ENABLE_MODULES = YES;
				CLANG_ENABLE_OBJC_ARC = YES;
				CLANG_ENABLE_OBJC_WEAK = YES;
				CLANG_WARN_BLOCK_CAPTURE_AUTORELEASING = YES;
				CLANG_WARN_BOOL_CONVERSION = YES;
				CLANG_WARN_COMMA = YES;
				CLANG_WARN_CONSTANT_CONVERSION = YES;
				CLANG_WARN_DEPRECATED_OBJC_IMPLEMENTATIONS = YES;
				CLANG_WARN_DIRECT_OBJC_ISA_USAGE = YES_ERROR;
				CLANG_WARN_DOCUMENTATION_COMMENTS = YES;
				CLANG_WARN_EMPTY_BODY = YES;
				CLANG_WARN_ENUM_CONVERSION = YES;
				CLANG_WARN_INFINITE_RECURSION = YES;
				CLANG_WARN_INT_CONVERSION = YES;
				CLANG_WARN_NON_LITERAL_NULL_CONVERSION = YES;
				CLANG_WARN_OBJC_IMPLICIT_RETAIN_SELF = YES;
				CLANG_WARN_OBJC_LITERAL_CONVERSION = YES;
				CLANG_WARN_OBJC_ROOT_CLASS = YES_ERROR;
				CLANG_WARN_RANGE_LOOP_ANALYSIS = YES;
				CLANG_WARN_STRICT_PROTOTYPES = YES;
				CLANG_WARN_SUSPICIOUS_MOVE = YES;
				CLANG_WARN_UNGUARDED_AVAILABILITY = YES_AGGRESSIVE;
				CLANG_WARN_UNREACHABLE_CODE = YES;
				CLANG_WARN__DUPLICATE_METHOD_MATCH = YES;
				COPY_PHASE_STRIP = NO;
				DEBUG_INFORMATION_FORMAT = dwarf;
				ENABLE_STRICT_OBJC_MSGSEND = YES;
				ENABLE_TESTABILITY = YES;
				GCC_C_LANGUAGE_STANDARD = gnu11;
				GCC_DYNAMIC_NO_PIC = NO;
				GCC_NO_COMMON_BLOCKS = YES;
				GCC_OPTIMIZATION_LEVEL = 0;
				GCC_PREPROCESSOR_DEFINITIONS = (
					"DEBUG=1",
					"$(inherited)",
				);
				GCC_WARN_64_TO_32_BIT_CONVERSION = YES;
				GCC_WARN_ABOUT_RETURN_TYPE = YES_ERROR;
				GCC_WARN_UNDECLARED_SELECTOR = YES;
				GCC_WARN_UNINITIALIZED_AUTOS = YES_AGGRESSIVE;
				GCC_WARN_UNUSED_FUNCTION = YES;
				GCC_WARN_UNUSED_VARIABLE = YES;
				IPHONEOS_DEPLOYMENT_TARGET = 13.2;
				MTL_ENABLE_DEBUG_INFO = INCLUDE_SOURCE;
				MTL_FAST_MATH = YES;
				ONLY_ACTIVE_ARCH = YES;
				SDKROOT = iphoneos;
				SWIFT_ACTIVE_COMPILATION_CONDITIONS = DEBUG;
				SWIFT_OPTIMIZATION_LEVEL = "-Onone";
			};
			name = Debug;
		};
		22CF915E24D97DE200AF7ED5 /* Release */ = {
			isa = XCBuildConfiguration;
			buildSettings = {
				ALWAYS_SEARCH_USER_PATHS = NO;
				CLANG_ANALYZER_NONNULL = YES;
				CLANG_ANALYZER_NUMBER_OBJECT_CONVERSION = YES_AGGRESSIVE;
				CLANG_CXX_LANGUAGE_STANDARD = "gnu++14";
				CLANG_CXX_LIBRARY = "libc++";
				CLANG_ENABLE_MODULES = YES;
				CLANG_ENABLE_OBJC_ARC = YES;
				CLANG_ENABLE_OBJC_WEAK = YES;
				CLANG_WARN_BLOCK_CAPTURE_AUTORELEASING = YES;
				CLANG_WARN_BOOL_CONVERSION = YES;
				CLANG_WARN_COMMA = YES;
				CLANG_WARN_CONSTANT_CONVERSION = YES;
				CLANG_WARN_DEPRECATED_OBJC_IMPLEMENTATIONS = YES;
				CLANG_WARN_DIRECT_OBJC_ISA_USAGE = YES_ERROR;
				CLANG_WARN_DOCUMENTATION_COMMENTS = YES;
				CLANG_WARN_EMPTY_BODY = YES;
				CLANG_WARN_ENUM_CONVERSION = YES;
				CLANG_WARN_INFINITE_RECURSION = YES;
				CLANG_WARN_INT_CONVERSION = YES;
				CLANG_WARN_NON_LITERAL_NULL_CONVERSION = YES;
				CLANG_WARN_OBJC_IMPLICIT_RETAIN_SELF = YES;
				CLANG_WARN_OBJC_LITERAL_CONVERSION = YES;
				CLANG_WARN_OBJC_ROOT_CLASS = YES_ERROR;
				CLANG_WARN_RANGE_LOOP_ANALYSIS = YES;
				CLANG_WARN_STRICT_PROTOTYPES = YES;
				CLANG_WARN_SUSPICIOUS_MOVE = YES;
				CLANG_WARN_UNGUARDED_AVAILABILITY = YES_AGGRESSIVE;
				CLANG_WARN_UNREACHABLE_CODE = YES;
				CLANG_WARN__DUPLICATE_METHOD_MATCH = YES;
				COPY_PHASE_STRIP = NO;
				DEBUG_INFORMATION_FORMAT = "dwarf-with-dsym";
				ENABLE_NS_ASSERTIONS = NO;
				ENABLE_STRICT_OBJC_MSGSEND = YES;
				GCC_C_LANGUAGE_STANDARD = gnu11;
				GCC_NO_COMMON_BLOCKS = YES;
				GCC_WARN_64_TO_32_BIT_CONVERSION = YES;
				GCC_WARN_ABOUT_RETURN_TYPE = YES_ERROR;
				GCC_WARN_UNDECLARED_SELECTOR = YES;
				GCC_WARN_UNINITIALIZED_AUTOS = YES_AGGRESSIVE;
				GCC_WARN_UNUSED_FUNCTION = YES;
				GCC_WARN_UNUSED_VARIABLE = YES;
				IPHONEOS_DEPLOYMENT_TARGET = 13.2;
				MTL_ENABLE_DEBUG_INFO = NO;
				MTL_FAST_MATH = YES;
				SDKROOT = iphoneos;
				SWIFT_COMPILATION_MODE = wholemodule;
				SWIFT_OPTIMIZATION_LEVEL = "-O";
				VALIDATE_PRODUCT = YES;
			};
			name = Release;
		};
		22CF916024D97DE200AF7ED5 /* Debug */ = {
			isa = XCBuildConfiguration;
			baseConfigurationReference = 124EF4B9FFBE0C34928548BF /* Pods-LiveLocation.debug.xcconfig */;
			buildSettings = {
				ASSETCATALOG_COMPILER_APPICON_NAME = AppIcon;
				CODE_SIGN_STYLE = Automatic;
				DEVELOPMENT_TEAM = 6Q233F3ZPX;
				INFOPLIST_FILE = LiveLocation/Info.plist;
				LD_RUNPATH_SEARCH_PATHS = (
					"$(inherited)",
					"@executable_path/Frameworks",
				);
				PRODUCT_BUNDLE_IDENTIFIER = com.app.LiveLocation;
				PRODUCT_NAME = "$(TARGET_NAME)";
				SWIFT_VERSION = 5.0;
				TARGETED_DEVICE_FAMILY = 1;
			};
			name = Debug;
		};
		22CF916124D97DE200AF7ED5 /* Release */ = {
			isa = XCBuildConfiguration;
			baseConfigurationReference = 18B2AEB3BF7B2E5EC28C2CAA /* Pods-LiveLocation.release.xcconfig */;
			buildSettings = {
				ASSETCATALOG_COMPILER_APPICON_NAME = AppIcon;
				CODE_SIGN_STYLE = Automatic;
				DEVELOPMENT_TEAM = 6Q233F3ZPX;
				INFOPLIST_FILE = LiveLocation/Info.plist;
				LD_RUNPATH_SEARCH_PATHS = (
					"$(inherited)",
					"@executable_path/Frameworks",
				);
				PRODUCT_BUNDLE_IDENTIFIER = com.app.LiveLocation;
				PRODUCT_NAME = "$(TARGET_NAME)";
				SWIFT_VERSION = 5.0;
				TARGETED_DEVICE_FAMILY = 1;
			};
			name = Release;
		};
/* End XCBuildConfiguration section */

/* Begin XCConfigurationList section */
		22CF914624D97DDD00AF7ED5 /* Build configuration list for PBXProject "LiveLocation" */ = {
			isa = XCConfigurationList;
			buildConfigurations = (
				22CF915D24D97DE200AF7ED5 /* Debug */,
				22CF915E24D97DE200AF7ED5 /* Release */,
			);
			defaultConfigurationIsVisible = 0;
			defaultConfigurationName = Release;
		};
		22CF915F24D97DE200AF7ED5 /* Build configuration list for PBXNativeTarget "LiveLocation" */ = {
			isa = XCConfigurationList;
			buildConfigurations = (
				22CF916024D97DE200AF7ED5 /* Debug */,
				22CF916124D97DE200AF7ED5 /* Release */,
			);
			defaultConfigurationIsVisible = 0;
			defaultConfigurationName = Release;
		};
/* End XCConfigurationList section */
	};
	rootObject = 22CF914324D97DDD00AF7ED5 /* Project object */;
}
